
Microsoft Visual Studio Solution File, Format Version 12.00
# Visual Studio 2013
VisualStudioVersion = 12.0.21005.1
MinimumVisualStudioVersion = 10.0.40219.1
Project("{E24C65DC-7377-472B-9ABA-BC803B73C61A}") = "admin(1)", "http://localhost:14764", "{E80DC992-72D8-4E0C-A99F-A641DC382A88}"
	ProjectSection(WebsiteProperties) = preProject
		SccProjectName = ""$/exam/admin(1)", BFLAAAAA"
		SccAuxPath = ""
		SccLocalPath = "."
		SccProvider = "MSSCCI:Microsoft Visual SourceSafe"
		UseIISExpress = "true"
		TargetFrameworkMoniker = ".NETFramework,Version%3Dv4.0"
		ProjectReferences = "{151c4e0a-ba1b-4a88-923e-b7af707e6bdf}|BLL.dll;{7930DE86-C4FC-4101-9E13-4502418EAFE1}|Model.dll;{2ae65b2b-c9c6-43fc-afaf-abea5cda0f89}|DAL.dll;"
		Debug.AspNetCompiler.VirtualPath = "/localhost_14764"
		Debug.AspNetCompiler.PhysicalPath = "admin\"
		Debug.AspNetCompiler.TargetPath = "PrecompiledWeb\localhost_14764\"
		Debug.AspNetCompiler.Updateable = "true"
		Debug.AspNetCompiler.ForceOverwrite = "true"
		Debug.AspNetCompiler.FixedNames = "false"
		Debug.AspNetCompiler.Debug = "True"
		Release.AspNetCompiler.VirtualPath = "/localhost_14764"
		Release.AspNetCompiler.PhysicalPath = "admin\"
		Release.AspNetCompiler.TargetPath = "PrecompiledWeb\localhost_14764\"
		Release.AspNetCompiler.Updateable = "true"
		Release.AspNetCompiler.ForceOverwrite = "true"
		Release.AspNetCompiler.FixedNames = "false"
		Release.AspNetCompiler.Debug = "False"
		SlnRelativePath = "admin\"
		DefaultWebSiteLanguage = "Visual C#"
	EndProjectSection
	ProjectSection(WebsiteProperties) = preProject
		SccProjectName = ""$/exam/admin(1)", BFLAAAAA"
		SccAuxPath = ""
		SccLocalPath = "."
		SccProvider = "MSSCCI:Microsoft Visual SourceSafe"
		UseIISExpress = "true"
		TargetFrameworkMoniker = ".NETFramework,Version%3Dv4.0"
		ProjectReferences = "{151c4e0a-ba1b-4a88-923e-b7af707e6bdf}|BLL.dll;{7930DE86-C4FC-4101-9E13-4502418EAFE1}|Model.dll;{2AE65B2B-C9C6-43FC-AFAF-ABEA5CDA0F89}|DAL.dll;"
		Debug.AspNetCompiler.VirtualPath = "/localhost_14764"
		Debug.AspNetCompiler.PhysicalPath = "admin\"
		Debug.AspNetCompiler.TargetPath = "PrecompiledWeb\localhost_14764\"
		Debug.AspNetCompiler.Updateable = "true"
		Debug.AspNetCompiler.ForceOverwrite = "true"
		Debug.AspNetCompiler.FixedNames = "false"
		Debug.AspNetCompiler.Debug = "True"
		Release.AspNetCompiler.VirtualPath = "/localhost_14764"
		Release.AspNetCompiler.PhysicalPath = "admin\"
		Release.AspNetCompiler.TargetPath = "PrecompiledWeb\localhost_14764\"
		Release.AspNetCompiler.Updateable = "true"
		Release.AspNetCompiler.ForceOverwrite = "true"
		Release.AspNetCompiler.FixedNames = "false"
		Release.AspNetCompiler.Debug = "False"
		SlnRelativePath = "admin\"
		DefaultWebSiteLanguage = "Visual C#"
	EndProjectSection
EndProject
Project("{FAE04EC0-301F-11D3-BF4B-00C04F79EFBC}") = "Model", "Model\Model.csproj", "{7930DE86-C4FC-4101-9E13-4502418EAFE1}"
EndProject
Project("{FAE04EC0-301F-11D3-BF4B-00C04F79EFBC}") = "DAL", "DAL\DAL.csproj", "{2AE65B2B-C9C6-43FC-AFAF-ABEA5CDA0F89}"
EndProject
Project("{FAE04EC0-301F-11D3-BF4B-00C04F79EFBC}") = "BLL", "BLL\BLL.csproj", "{151C4E0A-BA1B-4A88-923E-B7AF707E6BDF}"
EndProject
Project("{E24C65DC-7377-472B-9ABA-BC803B73C61A}") = "localhost_14293", "http://localhost:14293", "{FCAB2F47-1B4D-4490-9519-FD2AD14182C3}"
	ProjectSection(WebsiteProperties) = preProject
		SccProjectName = ""$/exam/web(3)", ZCMAAAAA"
		SccAuxPath = ""
		SccLocalPath = "."
		SccProvider = "MSSCCI:Microsoft Visual SourceSafe"
		UseIISExpress = "true"
		TargetFrameworkMoniker = ".NETFramework,Version%3Dv4.0"
		ProjectReferences = "{151c4e0a-ba1b-4a88-923e-b7af707e6bdf}|BLL.dll;{2AE65B2B-C9C6-43FC-AFAF-ABEA5CDA0F89}|DAL.dll;{7930DE86-C4FC-4101-9E13-4502418EAFE1}|Model.dll;"
		Debug.AspNetCompiler.VirtualPath = "/localhost_14293"
		Debug.AspNetCompiler.PhysicalPath = "localhost_14293\"
		Debug.AspNetCompiler.TargetPath = "PrecompiledWeb\localhost_14293\"
		Debug.AspNetCompiler.Updateable = "true"
		Debug.AspNetCompiler.ForceOverwrite = "true"
		Debug.AspNetCompiler.FixedNames = "false"
		Debug.AspNetCompiler.Debug = "True"
		Release.AspNetCompiler.VirtualPath = "/localhost_14293"
		Release.AspNetCompiler.PhysicalPath = "localhost_14293\"
		Release.AspNetCompiler.TargetPath = "PrecompiledWeb\localhost_14293\"
		Release.AspNetCompiler.Updateable = "true"
		Release.AspNetCompiler.ForceOverwrite = "true"
		Release.AspNetCompiler.FixedNames = "false"
		Release.AspNetCompiler.Debug = "False"
		SlnRelativePath = "localhost_14293\"
		DefaultWebSiteLanguage = "Visual C#"
	EndProjectSection
	ProjectSection(WebsiteProperties) = preProject
		SccProjectName = ""$/exam/web(3)", ZCMAAAAA"
		SccAuxPath = ""
		SccLocalPath = "."
		SccProvider = "MSSCCI:Microsoft Visual SourceSafe"
		UseIISExpress = "true"
		TargetFrameworkMoniker = ".NETFramework,Version%3Dv4.0"
		ProjectReferences = "{151c4e0a-ba1b-4a88-923e-b7af707e6bdf}|BLL.dll;{2AE65B2B-C9C6-43FC-AFAF-ABEA5CDA0F89}|DAL.dll;{7930DE86-C4FC-4101-9E13-4502418EAFE1}|Model.dll;"
		Debug.AspNetCompiler.VirtualPath = "/localhost_14293"
		Debug.AspNetCompiler.PhysicalPath = "C:\Users\Administrator\Documents\Visual Studio 2013\WebSites\web\"
		Debug.AspNetCompiler.TargetPath = "PrecompiledWeb\localhost_14293\"
		Debug.AspNetCompiler.Updateable = "true"
		Debug.AspNetCompiler.ForceOverwrite = "true"
		Debug.AspNetCompiler.FixedNames = "false"
		Debug.AspNetCompiler.Debug = "True"
		Release.AspNetCompiler.VirtualPath = "/localhost_14293"
		Release.AspNetCompiler.PhysicalPath = "C:\Users\Administrator\Documents\Visual Studio 2013\WebSites\web\"
		Release.AspNetCompiler.TargetPath = "PrecompiledWeb\localhost_14293\"
		Release.AspNetCompiler.Updateable = "true"
		Release.AspNetCompiler.ForceOverwrite = "true"
		Release.AspNetCompiler.FixedNames = "false"
		Release.AspNetCompiler.Debug = "False"
		SlnRelativePath = "C:\Users\Administrator\Documents\Visual Studio 2013\WebSites\web\"
		DefaultWebSiteLanguage = "Visual C#"
	EndProjectSection
EndProject
Project("{E24C65DC-7377-472B-9ABA-BC803B73C61A}") = "localhost_12184", "http://localhost:12184", "{E41951ED-7F2C-46BF-8774-AA01D2BE6E52}"
	ProjectSection(WebsiteProperties) = preProject
		SccProjectName = ""$/exam/wap2", HJMAAAAA"
		SccAuxPath = ""
		SccLocalPath = "."
		SccProvider = "MSSCCI:Microsoft Visual SourceSafe"
		UseIISExpress = "true"
		TargetFrameworkMoniker = ".NETFramework,Version%3Dv4.0"
		ProjectReferences = "{151c4e0a-ba1b-4a88-923e-b7af707e6bdf}|BLL.dll;{7930DE86-C4FC-4101-9E13-4502418EAFE1}|Model.dll;{2AE65B2B-C9C6-43FC-AFAF-ABEA5CDA0F89}|DAL.dll;"
		Debug.AspNetCompiler.VirtualPath = "/localhost_12184"
		Debug.AspNetCompiler.PhysicalPath = "localhost_12184\"
		Debug.AspNetCompiler.TargetPath = "PrecompiledWeb\localhost_12184\"
		Debug.AspNetCompiler.Updateable = "true"
		Debug.AspNetCompiler.ForceOverwrite = "true"
		Debug.AspNetCompiler.FixedNames = "false"
		Debug.AspNetCompiler.Debug = "True"
		Release.AspNetCompiler.VirtualPath = "/localhost_12184"
		Release.AspNetCompiler.PhysicalPath = "localhost_12184\"
		Release.AspNetCompiler.TargetPath = "PrecompiledWeb\localhost_12184\"
		Release.AspNetCompiler.Updateable = "true"
		Release.AspNetCompiler.ForceOverwrite = "true"
		Release.AspNetCompiler.FixedNames = "false"
		Release.AspNetCompiler.Debug = "False"
		SlnRelativePath = "localhost_12184\"
		DefaultWebSiteLanguage = "Visual C#"
	EndProjectSection
	ProjectSection(WebsiteProperties) = preProject
		SccProjectName = ""$/exam/wap2", HJMAAAAA"
		SccAuxPath = ""
		SccLocalPath = "."
		SccProvider = "MSSCCI:Microsoft Visual SourceSafe"
		UseIISExpress = "true"
		TargetFrameworkMoniker = ".NETFramework,Version%3Dv4.0"
		ProjectReferences = "{151c4e0a-ba1b-4a88-923e-b7af707e6bdf}|BLL.dll;{2AE65B2B-C9C6-43FC-AFAF-ABEA5CDA0F89}|DAL.dll;{7930DE86-C4FC-4101-9E13-4502418EAFE1}|Model.dll;"
		Debug.AspNetCompiler.VirtualPath = "/localhost_12184"
		Debug.AspNetCompiler.PhysicalPath = "C:\Users\Administrator\Documents\Visual Studio 2013\WebSites\wap2\"
		Debug.AspNetCompiler.TargetPath = "PrecompiledWeb\localhost_12184\"
		Debug.AspNetCompiler.Updateable = "true"
		Debug.AspNetCompiler.ForceOverwrite = "true"
		Debug.AspNetCompiler.FixedNames = "false"
		Debug.AspNetCompiler.Debug = "True"
		Release.AspNetCompiler.VirtualPath = "/localhost_12184"
		Release.AspNetCompiler.PhysicalPath = "C:\Users\Administrator\Documents\Visual Studio 2013\WebSites\wap2\"
		Release.AspNetCompiler.TargetPath = "PrecompiledWeb\localhost_12184\"
		Release.AspNetCompiler.Updateable = "true"
		Release.AspNetCompiler.ForceOverwrite = "true"
		Release.AspNetCompiler.FixedNames = "false"
		Release.AspNetCompiler.Debug = "False"
		SlnRelativePath = "C:\Users\Administrator\Documents\Visual Studio 2013\WebSites\wap2\"
		DefaultWebSiteLanguage = "Visual C#"
	EndProjectSection
EndProject
Global
	GlobalSection(SourceCodeControl) = preSolution
		SccNumberOfProjects = 7
		SccLocalPath0 = .
		SccProjectUniqueName1 = Model\\Model.csproj
		SccProjectName1 = \u0022$/exam/exam/Model\u0022,\u0020HGLAAAAA
		SccLocalPath1 = Model
		SccProjectUniqueName2 = DAL\\DAL.csproj
		SccProjectName2 = \u0022$/exam/exam/DAL\u0022,\u0020TGLAAAAA
		SccLocalPath2 = DAL
		SccProjectUniqueName3 = BLL\\BLL.csproj
		SccProjectName3 = \u0022$/exam/exam/BLL\u0022,\u0020NHLAAAAA
		SccLocalPath3 = BLL
		SccWebProject4 = true
		SccProjectUniqueName4 = http://localhost:14764
		SccProjectName4 = \u0022$/exam/admin(1)\u0022,\u0020BFLAAAAA
		SccLocalPath4 = C:\\code\\exam\\admin
		SccProjectEnlistmentChoice4 = 2
		SccWebProject5 = true
		SccProjectUniqueName5 = http://localhost:14293
		SccProjectName5 = \u0022$/exam/web(3)\u0022,\u0020ZCMAAAAA
		SccLocalPath5 = C:\\Users\\Administrator\\Documents\\Visual\u0020Studio\u00202013\\WebSites\\web
		SccProjectEnlistmentChoice5 = 2
		SccWebProject6 = true
		SccProjectUniqueName6 = http://localhost:12184
		SccProjectName6 = \u0022$/exam/wap2\u0022,\u0020HJMAAAAA
		SccLocalPath6 = C:\\Users\\Administrator\\Documents\\Visual\u0020Studio\u00202013\\WebSites\\wap2
		SccProjectEnlistmentChoice6 = 2
	EndGlobalSection
	GlobalSection(SolutionConfigurationPlatforms) = preSolution
		Debug|Any CPU = Debug|Any CPU
		Release|Any CPU = Release|Any CPU
	EndGlobalSection
	GlobalSection(ProjectConfigurationPlatforms) = postSolution
		{E80DC992-72D8-4E0C-A99F-A641DC382A88}.Debug|Any CPU.ActiveCfg = Debug|Any CPU
		{E80DC992-72D8-4E0C-A99F-A641DC382A88}.Debug|Any CPU.Build.0 = Debug|Any CPU
		{E80DC992-72D8-4E0C-A99F-A641DC382A88}.Release|Any CPU.ActiveCfg = Debug|Any CPU
		{E80DC992-72D8-4E0C-A99F-A641DC382A88}.Release|Any CPU.Build.0 = Debug|Any CPU
		{7930DE86-C4FC-4101-9E13-4502418EAFE1}.Debug|Any CPU.ActiveCfg = Debug|Any CPU
		{7930DE86-C4FC-4101-9E13-4502418EAFE1}.Debug|Any CPU.Build.0 = Debug|Any CPU
		{7930DE86-C4FC-4101-9E13-4502418EAFE1}.Release|Any CPU.ActiveCfg = Release|Any CPU
		{7930DE86-C4FC-4101-9E13-4502418EAFE1}.Release|Any CPU.Build.0 = Release|Any CPU
		{2AE65B2B-C9C6-43FC-AFAF-ABEA5CDA0F89}.Debug|Any CPU.ActiveCfg = Debug|Any CPU
		{2AE65B2B-C9C6-43FC-AFAF-ABEA5CDA0F89}.Debug|Any CPU.Build.0 = Debug|Any CPU
		{2AE65B2B-C9C6-43FC-AFAF-ABEA5CDA0F89}.Release|Any CPU.ActiveCfg = Release|Any CPU
		{2AE65B2B-C9C6-43FC-AFAF-ABEA5CDA0F89}.Release|Any CPU.Build.0 = Release|Any CPU
		{151C4E0A-BA1B-4A88-923E-B7AF707E6BDF}.Debug|Any CPU.ActiveCfg = Debug|Any CPU
		{151C4E0A-BA1B-4A88-923E-B7AF707E6BDF}.Debug|Any CPU.Build.0 = Debug|Any CPU
		{151C4E0A-BA1B-4A88-923E-B7AF707E6BDF}.Release|Any CPU.ActiveCfg = Release|Any CPU
		{151C4E0A-BA1B-4A88-923E-B7AF707E6BDF}.Release|Any CPU.Build.0 = Release|Any CPU
		{FCAB2F47-1B4D-4490-9519-FD2AD14182C3}.Debug|Any CPU.ActiveCfg = Debug|Any CPU
		{FCAB2F47-1B4D-4490-9519-FD2AD14182C3}.Debug|Any CPU.Build.0 = Debug|Any CPU
		{FCAB2F47-1B4D-4490-9519-FD2AD14182C3}.Release|Any CPU.ActiveCfg = Debug|Any CPU
		{FCAB2F47-1B4D-4490-9519-FD2AD14182C3}.Release|Any CPU.Build.0 = Debug|Any CPU
		{E41951ED-7F2C-46BF-8774-AA01D2BE6E52}.Debug|Any CPU.ActiveCfg = Debug|Any CPU
		{E41951ED-7F2C-46BF-8774-AA01D2BE6E52}.Debug|Any CPU.Build.0 = Debug|Any CPU
		{E41951ED-7F2C-46BF-8774-AA01D2BE6E52}.Release|Any CPU.ActiveCfg = Debug|Any CPU
		{E41951ED-7F2C-46BF-8774-AA01D2BE6E52}.Release|Any CPU.Build.0 = Debug|Any CPU
	EndGlobalSection
	GlobalSection(SolutionProperties) = preSolution
		HideSolutionNode = FALSE
	EndGlobalSection
EndGlobal
